
Microsoft Visual Studio Solution File, Format Version 12.00
# Visual Studio Version 17
VisualStudioVersion = 17.4.33213.308
MinimumVisualStudioVersion = 10.0.40219.1
Project("{FAE04EC0-301F-11D3-BF4B-00C04F79EFBC}") = "programming009.WebAppMvc", "programming009.WebAppMvc\programming009.WebAppMvc.csproj", "{03E9D0A0-B05D-41BA-956D-2D3A4C34A29B}"
EndProject
Global
	GlobalSection(SolutionConfigurationPlatforms) = preSolution
		Debug|Any CPU = Debug|Any CPU
		Release|Any CPU = Release|Any CPU
	EndGlobalSection
	GlobalSection(ProjectConfigurationPlatforms) = postSolution
		{03E9D0A0-B05D-41BA-956D-2D3A4C34A29B}.Debug|Any CPU.ActiveCfg = Debug|Any CPU
		{03E9D0A0-B05D-41BA-956D-2D3A4C34A29B}.Debug|Any CPU.Build.0 = Debug|Any CPU
		{03E9D0A0-B05D-41BA-956D-2D3A4C34A29B}.Release|Any CPU.ActiveCfg = Release|Any CPU
		{03E9D0A0-B05D-41BA-956D-2D3A4C34A29B}.Release|Any CPU.Build.0 = Release|Any CPU
	EndGlobalSection
	GlobalSection(SolutionProperties) = preSolution
		HideSolutionNode = FALSE
	EndGlobalSection
	GlobalSection(ExtensibilityGlobals) = postSolution
		SolutionGuid = {97BB41FF-57FD-4E73-A10A-8DDB754630B1}
	EndGlobalSection
EndGlobal
